
Microsoft Visual Studio Solution File, Format Version 12.00
# Visual Studio Version 17
VisualStudioVersion = 17.2.32602.215
MinimumVisualStudioVersion = 10.0.40219.1
Project("{FAE04EC0-301F-11D3-BF4B-00C04F79EFBC}") = "HostedService", "HostedService\HostedService.csproj", "{9250B001-0A35-4D07-9038-5DAE5ACF90A7}"
EndProject
Global
	GlobalSection(SolutionConfigurationPlatforms) = preSolution
		Debug|Any CPU = Debug|Any CPU
		Release|Any CPU = Release|Any CPU
	EndGlobalSection
	GlobalSection(ProjectConfigurationPlatforms) = postSolution
		{9250B001-0A35-4D07-9038-5DAE5ACF90A7}.Debug|Any CPU.ActiveCfg = Debug|Any CPU
		{9250B001-0A35-4D07-9038-5DAE5ACF90A7}.Debug|Any CPU.Build.0 = Debug|Any CPU
		{9250B001-0A35-4D07-9038-5DAE5ACF90A7}.Release|Any CPU.ActiveCfg = Release|Any CPU
		{9250B001-0A35-4D07-9038-5DAE5ACF90A7}.Release|Any CPU.Build.0 = Release|Any CPU
	EndGlobalSection
	GlobalSection(SolutionProperties) = preSolution
		HideSolutionNode = FALSE
	EndGlobalSection
	GlobalSection(ExtensibilityGlobals) = postSolution
		SolutionGuid = {C8AD8C62-CE27-41E7-B1F2-3EDAAA9DADBA}
	EndGlobalSection
EndGlobal
